
Microsoft Visual Studio Solution File, Format Version 12.00
# Visual Studio Version 16
VisualStudioVersion = 16.0.29409.12
MinimumVisualStudioVersion = 10.0.40219.1
Project("{9A19103F-16F7-4668-BE54-9A1E7A4F7556}") = "aspnetapp/SWIAPI", "aspnetapp/SWIAPI.csproj", "{5AC8F559-E817-45D2-85C4-3F1CB1D58ABE}"
EndProject
Global
	GlobalSection(SolutionConfigurationPlatforms) = preSolution
		Debug|Any CPU = Debug|Any CPU
		Production|Any CPU = Production|Any CPU
		Release|Any CPU = Release|Any CPU
	EndGlobalSection
	GlobalSection(ProjectConfigurationPlatforms) = postSolution
		{5AC8F559-E817-45D2-85C4-3F1CB1D58ABE}.Debug|Any CPU.ActiveCfg = Debug|Any CPU
		{5AC8F559-E817-45D2-85C4-3F1CB1D58ABE}.Debug|Any CPU.Build.0 = Debug|Any CPU
		{5AC8F559-E817-45D2-85C4-3F1CB1D58ABE}.Production|Any CPU.ActiveCfg = Production|Any CPU
		{5AC8F559-E817-45D2-85C4-3F1CB1D58ABE}.Production|Any CPU.Build.0 = Production|Any CPU
		{5AC8F559-E817-45D2-85C4-3F1CB1D58ABE}.Release|Any CPU.ActiveCfg = Release|Any CPU
		{5AC8F559-E817-45D2-85C4-3F1CB1D58ABE}.Release|Any CPU.Build.0 = Release|Any CPU
	EndGlobalSection
	GlobalSection(SolutionProperties) = preSolution
		HideSolutionNode = FALSE
	EndGlobalSection
	GlobalSection(ExtensibilityGlobals) = postSolution
		SolutionGuid = {16791C8A-F290-4F9A-9466-87DEB5272571}
	EndGlobalSection
EndGlobal
